
Microsoft Visual Studio Solution File, Format Version 12.00
# Visual Studio 15
Project("{FAE04EC0-301F-11D3-BF4B-00C04F79EFBC}") = "DrawDotNet", "DrawDotNet\DrawDotNet.csproj", "{D1361B41-CC23-4F65-8B9A-19B2A7492487}"
EndProject
Project("{FAE04EC0-301F-11D3-BF4B-00C04F79EFBC}") = "DrawDotNetTestHarness", "DrawDotNetTestHarness\DrawDotNetTestHarness.csproj", "{BD09172C-59B8-4CA3-BAA5-E6099FE0B54C}"
EndProject
Global
	GlobalSection(SolutionConfigurationPlatforms) = preSolution
		Debug|Any CPU = Debug|Any CPU
		Release|Any CPU = Release|Any CPU
	EndGlobalSection
	GlobalSection(ProjectConfigurationPlatforms) = postSolution
		{D1361B41-CC23-4F65-8B9A-19B2A7492487}.Debug|Any CPU.ActiveCfg = Debug|Any CPU
		{D1361B41-CC23-4F65-8B9A-19B2A7492487}.Debug|Any CPU.Build.0 = Debug|Any CPU
		{D1361B41-CC23-4F65-8B9A-19B2A7492487}.Release|Any CPU.ActiveCfg = Release|Any CPU
		{D1361B41-CC23-4F65-8B9A-19B2A7492487}.Release|Any CPU.Build.0 = Release|Any CPU
		{BD09172C-59B8-4CA3-BAA5-E6099FE0B54C}.Debug|Any CPU.ActiveCfg = Debug|Any CPU
		{BD09172C-59B8-4CA3-BAA5-E6099FE0B54C}.Debug|Any CPU.Build.0 = Debug|Any CPU
		{BD09172C-59B8-4CA3-BAA5-E6099FE0B54C}.Release|Any CPU.ActiveCfg = Release|Any CPU
		{BD09172C-59B8-4CA3-BAA5-E6099FE0B54C}.Release|Any CPU.Build.0 = Release|Any CPU
	EndGlobalSection
EndGlobal
